// !$*UTF8*$!
{
	archiveVersion = 1;
	classes = {
	};
	objectVersion = 56;
	objects = {

/* Begin PBXBuildFile section */
		224CA4A92984053B005B8299 /* AppDelegate.swift in Sources */ = {isa = PBXBuildFile; fileRef = 224CA4A82984053B005B8299 /* AppDelegate.swift */; };
		224CA4AB2984053B005B8299 /* SceneDelegate.swift in Sources */ = {isa = PBXBuildFile; fileRef = 224CA4AA2984053B005B8299 /* SceneDelegate.swift */; };
		224CA4B02984053B005B8299 /* Main.storyboard in Resources */ = {isa = PBXBuildFile; fileRef = 224CA4AE2984053B005B8299 /* Main.storyboard */; };
		224CA4B22984053D005B8299 /* Assets.xcassets in Resources */ = {isa = PBXBuildFile; fileRef = 224CA4B12984053D005B8299 /* Assets.xcassets */; };
		224CA4B52984053D005B8299 /* LaunchScreen.storyboard in Resources */ = {isa = PBXBuildFile; fileRef = 224CA4B32984053D005B8299 /* LaunchScreen.storyboard */; };
		224CA4BE2984081C005B8299 /* user.swift in Sources */ = {isa = PBXBuildFile; fileRef = 224CA4BD2984081C005B8299 /* user.swift */; };
		224CA4C0298408B7005B8299 /* database.swift in Sources */ = {isa = PBXBuildFile; fileRef = 224CA4BF298408B7005B8299 /* database.swift */; };
		224CA4C229847FAC005B8299 /* contact.swift in Sources */ = {isa = PBXBuildFile; fileRef = 224CA4C129847FAC005B8299 /* contact.swift */; };
		224CA4C429848DDF005B8299 /* message.swift in Sources */ = {isa = PBXBuildFile; fileRef = 224CA4C329848DDF005B8299 /* message.swift */; };
		22E89D7B2987FC29006078AC /* ContactTableVC.swift in Sources */ = {isa = PBXBuildFile; fileRef = 22E89D7A2987FC29006078AC /* ContactTableVC.swift */; };
		22E89D9F2988486C006078AC /* ContactPageVC.swift in Sources */ = {isa = PBXBuildFile; fileRef = 22E89D9E2988486C006078AC /* ContactPageVC.swift */; };
		22E89DA1298971B7006078AC /* AddContactVC.swift in Sources */ = {isa = PBXBuildFile; fileRef = 22E89DA0298971B7006078AC /* AddContactVC.swift */; };
		22E89DA32989A7CF006078AC /* UpdateContactVC.swift in Sources */ = {isa = PBXBuildFile; fileRef = 22E89DA22989A7CF006078AC /* UpdateContactVC.swift */; };
		2AF30AC1CB7CA036FB0B449C /* Pods_ft_hangouts.framework in Frameworks */ = {isa = PBXBuildFile; fileRef = BD62DA7A94DF2F215087EBB8 /* Pods_ft_hangouts.framework */; };
/* End PBXBuildFile section */

/* Begin PBXFileReference section */
		11662673AFC30487FA6B8809 /* Pods-ft_hangouts.debug.xcconfig */ = {isa = PBXFileReference; includeInIndex = 1; lastKnownFileType = text.xcconfig; name = "Pods-ft_hangouts.debug.xcconfig"; path = "Target Support Files/Pods-ft_hangouts/Pods-ft_hangouts.debug.xcconfig"; sourceTree = "<group>"; };
		224CA4A52984053B005B8299 /* ft_hangouts.app */ = {isa = PBXFileReference; explicitFileType = wrapper.application; includeInIndex = 0; path = ft_hangouts.app; sourceTree = BUILT_PRODUCTS_DIR; };
		224CA4A82984053B005B8299 /* AppDelegate.swift */ = {isa = PBXFileReference; lastKnownFileType = sourcecode.swift; path = AppDelegate.swift; sourceTree = "<group>"; };
		224CA4AA2984053B005B8299 /* SceneDelegate.swift */ = {isa = PBXFileReference; lastKnownFileType = sourcecode.swift; path = SceneDelegate.swift; sourceTree = "<group>"; };
		224CA4AF2984053B005B8299 /* Base */ = {isa = PBXFileReference; lastKnownFileType = file.storyboard; name = Base; path = Base.lproj/Main.storyboard; sourceTree = "<group>"; };
		224CA4B12984053D005B8299 /* Assets.xcassets */ = {isa = PBXFileReference; lastKnownFileType = folder.assetcatalog; path = Assets.xcassets; sourceTree = "<group>"; };
		224CA4B42984053D005B8299 /* Base */ = {isa = PBXFileReference; lastKnownFileType = file.storyboard; name = Base; path = Base.lproj/LaunchScreen.storyboard; sourceTree = "<group>"; };
		224CA4B62984053D005B8299 /* Info.plist */ = {isa = PBXFileReference; lastKnownFileType = text.plist.xml; path = Info.plist; sourceTree = "<group>"; };
		224CA4BD2984081C005B8299 /* user.swift */ = {isa = PBXFileReference; lastKnownFileType = sourcecode.swift; path = user.swift; sourceTree = "<group>"; };
		224CA4BF298408B7005B8299 /* database.swift */ = {isa = PBXFileReference; lastKnownFileType = sourcecode.swift; path = database.swift; sourceTree = "<group>"; };
		224CA4C129847FAC005B8299 /* contact.swift */ = {isa = PBXFileReference; lastKnownFileType = sourcecode.swift; path = contact.swift; sourceTree = "<group>"; };
		224CA4C329848DDF005B8299 /* message.swift */ = {isa = PBXFileReference; lastKnownFileType = sourcecode.swift; path = message.swift; sourceTree = "<group>"; };
		22E89D7A2987FC29006078AC /* ContactTableVC.swift */ = {isa = PBXFileReference; lastKnownFileType = sourcecode.swift; path = ContactTableVC.swift; sourceTree = "<group>"; };
		22E89D9E2988486C006078AC /* ContactPageVC.swift */ = {isa = PBXFileReference; lastKnownFileType = sourcecode.swift; path = ContactPageVC.swift; sourceTree = "<group>"; };
		22E89DA0298971B7006078AC /* AddContactVC.swift */ = {isa = PBXFileReference; lastKnownFileType = sourcecode.swift; path = AddContactVC.swift; sourceTree = "<group>"; };
		22E89DA22989A7CF006078AC /* UpdateContactVC.swift */ = {isa = PBXFileReference; lastKnownFileType = sourcecode.swift; path = UpdateContactVC.swift; sourceTree = "<group>"; };
		6D67B67FF0BB10B97150AA21 /* Pods-ft_hangouts.release.xcconfig */ = {isa = PBXFileReference; includeInIndex = 1; lastKnownFileType = text.xcconfig; name = "Pods-ft_hangouts.release.xcconfig"; path = "Target Support Files/Pods-ft_hangouts/Pods-ft_hangouts.release.xcconfig"; sourceTree = "<group>"; };
		BD62DA7A94DF2F215087EBB8 /* Pods_ft_hangouts.framework */ = {isa = PBXFileReference; explicitFileType = wrapper.framework; includeInIndex = 0; path = Pods_ft_hangouts.framework; sourceTree = BUILT_PRODUCTS_DIR; };
/* End PBXFileReference section */

/* Begin PBXFrameworksBuildPhase section */
		224CA4A22984053B005B8299 /* Frameworks */ = {
			isa = PBXFrameworksBuildPhase;
			buildActionMask = 2147483647;
			files = (
				2AF30AC1CB7CA036FB0B449C /* Pods_ft_hangouts.framework in Frameworks */,
			);
			runOnlyForDeploymentPostprocessing = 0;
		};
/* End PBXFrameworksBuildPhase section */

/* Begin PBXGroup section */
		06FA9F1DCBB3E20863E27E6A /* Pods */ = {
			isa = PBXGroup;
			children = (
				11662673AFC30487FA6B8809 /* Pods-ft_hangouts.debug.xcconfig */,
				6D67B67FF0BB10B97150AA21 /* Pods-ft_hangouts.release.xcconfig */,
			);
			path = Pods;
			sourceTree = "<group>";
		};
		224CA49C2984053B005B8299 = {
			isa = PBXGroup;
			children = (
				224CA4A72984053B005B8299 /* ft_hangouts */,
				224CA4A62984053B005B8299 /* Products */,
				06FA9F1DCBB3E20863E27E6A /* Pods */,
				27B1E17765EDA297B7A4F63A /* Frameworks */,
			);
			sourceTree = "<group>";
		};
		224CA4A62984053B005B8299 /* Products */ = {
			isa = PBXGroup;
			children = (
				224CA4A52984053B005B8299 /* ft_hangouts.app */,
			);
			name = Products;
			sourceTree = "<group>";
		};
		224CA4A72984053B005B8299 /* ft_hangouts */ = {
			isa = PBXGroup;
			children = (
				224CA4BC298407B4005B8299 /* Backend */,
				224CA4A82984053B005B8299 /* AppDelegate.swift */,
				224CA4AA2984053B005B8299 /* SceneDelegate.swift */,
				224CA4AE2984053B005B8299 /* Main.storyboard */,
				224CA4B12984053D005B8299 /* Assets.xcassets */,
				224CA4B32984053D005B8299 /* LaunchScreen.storyboard */,
				224CA4B62984053D005B8299 /* Info.plist */,
				22E89D7A2987FC29006078AC /* ContactTableVC.swift */,
				22E89D9E2988486C006078AC /* ContactPageVC.swift */,
				22E89DA0298971B7006078AC /* AddContactVC.swift */,
				22E89DA22989A7CF006078AC /* UpdateContactVC.swift */,
			);
			path = ft_hangouts;
			sourceTree = "<group>";
		};
		224CA4BC298407B4005B8299 /* Backend */ = {
			isa = PBXGroup;
			children = (
				224CA4BD2984081C005B8299 /* user.swift */,
				224CA4BF298408B7005B8299 /* database.swift */,
				224CA4C129847FAC005B8299 /* contact.swift */,
				224CA4C329848DDF005B8299 /* message.swift */,
			);
			path = Backend;
			sourceTree = "<group>";
		};
		27B1E17765EDA297B7A4F63A /* Frameworks */ = {
			isa = PBXGroup;
			children = (
				BD62DA7A94DF2F215087EBB8 /* Pods_ft_hangouts.framework */,
			);
			name = Frameworks;
			sourceTree = "<group>";
		};
/* End PBXGroup section */

/* Begin PBXNativeTarget section */
		224CA4A42984053B005B8299 /* ft_hangouts */ = {
			isa = PBXNativeTarget;
			buildConfigurationList = 224CA4B92984053D005B8299 /* Build configuration list for PBXNativeTarget "ft_hangouts" */;
			buildPhases = (
				22E09A628745B45EE771AEDE /* [CP] Check Pods Manifest.lock */,
				224CA4A12984053B005B8299 /* Sources */,
				224CA4A22984053B005B8299 /* Frameworks */,
				224CA4A32984053B005B8299 /* Resources */,
			);
			buildRules = (
			);
			dependencies = (
			);
			name = ft_hangouts;
			productName = ft_hangouts;
			productReference = 224CA4A52984053B005B8299 /* ft_hangouts.app */;
			productType = "com.apple.product-type.application";
		};
/* End PBXNativeTarget section */

/* Begin PBXProject section */
		224CA49D2984053B005B8299 /* Project object */ = {
			isa = PBXProject;
			attributes = {
				BuildIndependentTargetsInParallel = 1;
				LastSwiftUpdateCheck = 1420;
				LastUpgradeCheck = 1420;
				TargetAttributes = {
					224CA4A42984053B005B8299 = {
						CreatedOnToolsVersion = 14.2;
					};
				};
			};
			buildConfigurationList = 224CA4A02984053B005B8299 /* Build configuration list for PBXProject "ft_hangouts" */;
			compatibilityVersion = "Xcode 14.0";
			developmentRegion = en;
			hasScannedForEncodings = 0;
			knownRegions = (
				en,
				Base,
			);
			mainGroup = 224CA49C2984053B005B8299;
			productRefGroup = 224CA4A62984053B005B8299 /* Products */;
			projectDirPath = "";
			projectRoot = "";
			targets = (
				224CA4A42984053B005B8299 /* ft_hangouts */,
			);
		};
/* End PBXProject section */

/* Begin PBXResourcesBuildPhase section */
		224CA4A32984053B005B8299 /* Resources */ = {
			isa = PBXResourcesBuildPhase;
			buildActionMask = 2147483647;
			files = (
				224CA4B52984053D005B8299 /* LaunchScreen.storyboard in Resources */,
				224CA4B22984053D005B8299 /* Assets.xcassets in Resources */,
				224CA4B02984053B005B8299 /* Main.storyboard in Resources */,
			);
			runOnlyForDeploymentPostprocessing = 0;
		};
/* End PBXResourcesBuildPhase section */

/* Begin PBXShellScriptBuildPhase section */
		22E09A628745B45EE771AEDE /* [CP] Check Pods Manifest.lock */ = {
			isa = PBXShellScriptBuildPhase;
			buildActionMask = 2147483647;
			files = (
			);
			inputFileListPaths = (
			);
			inputPaths = (
				"${PODS_PODFILE_DIR_PATH}/Podfile.lock",
				"${PODS_ROOT}/Manifest.lock",
			);
			name = "[CP] Check Pods Manifest.lock";
			outputFileListPaths = (
			);
			outputPaths = (
				"$(DERIVED_FILE_DIR)/Pods-ft_hangouts-checkManifestLockResult.txt",
			);
			runOnlyForDeploymentPostprocessing = 0;
			shellPath = /bin/sh;
			shellScript = "diff \"${PODS_PODFILE_DIR_PATH}/Podfile.lock\" \"${PODS_ROOT}/Manifest.lock\" > /dev/null\nif [ $? != 0 ] ; then\n    # print error to STDERR\n    echo \"error: The sandbox is not in sync with the Podfile.lock. Run 'pod install' or update your CocoaPods installation.\" >&2\n    exit 1\nfi\n# This output is used by Xcode 'outputs' to avoid re-running this script phase.\necho \"SUCCESS\" > \"${SCRIPT_OUTPUT_FILE_0}\"\n";
			showEnvVarsInLog = 0;
		};
/* End PBXShellScriptBuildPhase section */

/* Begin PBXSourcesBuildPhase section */
		224CA4A12984053B005B8299 /* Sources */ = {
			isa = PBXSourcesBuildPhase;
			buildActionMask = 2147483647;
			files = (
				22E89D9F2988486C006078AC /* ContactPageVC.swift in Sources */,
				22E89DA1298971B7006078AC /* AddContactVC.swift in Sources */,
				224CA4C429848DDF005B8299 /* message.swift in Sources */,
				224CA4BE2984081C005B8299 /* user.swift in Sources */,
				224CA4A92984053B005B8299 /* AppDelegate.swift in Sources */,
				224CA4C0298408B7005B8299 /* database.swift in Sources */,
				22E89D7B2987FC29006078AC /* ContactTableVC.swift in Sources */,
				224CA4C229847FAC005B8299 /* contact.swift in Sources */,
				22E89DA32989A7CF006078AC /* UpdateContactVC.swift in Sources */,
				224CA4AB2984053B005B8299 /* SceneDelegate.swift in Sources */,
			);
			runOnlyForDeploymentPostprocessing = 0;
		};
/* End PBXSourcesBuildPhase section */

/* Begin PBXVariantGroup section */
		224CA4AE2984053B005B8299 /* Main.storyboard */ = {
			isa = PBXVariantGroup;
			children = (
				224CA4AF2984053B005B8299 /* Base */,
			);
			name = Main.storyboard;
			sourceTree = "<group>";
		};
		224CA4B32984053D005B8299 /* LaunchScreen.storyboard */ = {
			isa = PBXVariantGroup;
			children = (
				224CA4B42984053D005B8299 /* Base */,
			);
			name = LaunchScreen.storyboard;
			sourceTree = "<group>";
		};
/* End PBXVariantGroup section */

/* Begin XCBuildConfiguration section */
		224CA4B72984053D005B8299 /* Debug */ = {
			isa = XCBuildConfiguration;
			buildSettings = {
				ALWAYS_SEARCH_USER_PATHS = NO;
				CLANG_ANALYZER_NONNULL = YES;
				CLANG_ANALYZER_NUMBER_OBJECT_CONVERSION = YES_AGGRESSIVE;
				CLANG_CXX_LANGUAGE_STANDARD = "gnu++20";
				CLANG_ENABLE_MODULES = YES;
				CLANG_ENABLE_OBJC_ARC = YES;
				CLANG_ENABLE_OBJC_WEAK = YES;
				CLANG_WARN_BLOCK_CAPTURE_AUTORELEASING = YES;
				CLANG_WARN_BOOL_CONVERSION = YES;
				CLANG_WARN_COMMA = YES;
				CLANG_WARN_CONSTANT_CONVERSION = YES;
				CLANG_WARN_DEPRECATED_OBJC_IMPLEMENTATIONS = YES;
				CLANG_WARN_DIRECT_OBJC_ISA_USAGE = YES_ERROR;
				CLANG_WARN_DOCUMENTATION_COMMENTS = YES;
				CLANG_WARN_EMPTY_BODY = YES;
				CLANG_WARN_ENUM_CONVERSION = YES;
				CLANG_WARN_INFINITE_RECURSION = YES;
				CLANG_WARN_INT_CONVERSION = YES;
				CLANG_WARN_NON_LITERAL_NULL_CONVERSION = YES;
				CLANG_WARN_OBJC_IMPLICIT_RETAIN_SELF = YES;
				CLANG_WARN_OBJC_LITERAL_CONVERSION = YES;
				CLANG_WARN_OBJC_ROOT_CLASS = YES_ERROR;
				CLANG_WARN_QUOTED_INCLUDE_IN_FRAMEWORK_HEADER = YES;
				CLANG_WARN_RANGE_LOOP_ANALYSIS = YES;
				CLANG_WARN_STRICT_PROTOTYPES = YES;
				CLANG_WARN_SUSPICIOUS_MOVE = YES;
				CLANG_WARN_UNGUARDED_AVAILABILITY = YES_AGGRESSIVE;
				CLANG_WARN_UNREACHABLE_CODE = YES;
				CLANG_WARN__DUPLICATE_METHOD_MATCH = YES;
				COPY_PHASE_STRIP = NO;
				DEBUG_INFORMATION_FORMAT = dwarf;
				ENABLE_STRICT_OBJC_MSGSEND = YES;
				ENABLE_TESTABILITY = YES;
				GCC_C_LANGUAGE_STANDARD = gnu11;
				GCC_DYNAMIC_NO_PIC = NO;
				GCC_NO_COMMON_BLOCKS = YES;
				GCC_OPTIMIZATION_LEVEL = 0;
				GCC_PREPROCESSOR_DEFINITIONS = (
					"DEBUG=1",
					"$(inherited)",
				);
				GCC_WARN_64_TO_32_BIT_CONVERSION = YES;
				GCC_WARN_ABOUT_RETURN_TYPE = YES_ERROR;
				GCC_WARN_UNDECLARED_SELECTOR = YES;
				GCC_WARN_UNINITIALIZED_AUTOS = YES_AGGRESSIVE;
				GCC_WARN_UNUSED_FUNCTION = YES;
				GCC_WARN_UNUSED_VARIABLE = YES;
				IPHONEOS_DEPLOYMENT_TARGET = 16.2;
				MTL_ENABLE_DEBUG_INFO = INCLUDE_SOURCE;
				MTL_FAST_MATH = YES;
				ONLY_ACTIVE_ARCH = YES;
				SDKROOT = iphoneos;
				SWIFT_ACTIVE_COMPILATION_CONDITIONS = DEBUG;
				SWIFT_OPTIMIZATION_LEVEL = "-Onone";
			};
			name = Debug;
		};
		224CA4B82984053D005B8299 /* Release */ = {
			isa = XCBuildConfiguration;
			buildSettings = {
				ALWAYS_SEARCH_USER_PATHS = NO;
				CLANG_ANALYZER_NONNULL = YES;
				CLANG_ANALYZER_NUMBER_OBJECT_CONVERSION = YES_AGGRESSIVE;
				CLANG_CXX_LANGUAGE_STANDARD = "gnu++20";
				CLANG_ENABLE_MODULES = YES;
				CLANG_ENABLE_OBJC_ARC = YES;
				CLANG_ENABLE_OBJC_WEAK = YES;
				CLANG_WARN_BLOCK_CAPTURE_AUTORELEASING = YES;
				CLANG_WARN_BOOL_CONVERSION = YES;
				CLANG_WARN_COMMA = YES;
				CLANG_WARN_CONSTANT_CONVERSION = YES;
				CLANG_WARN_DEPRECATED_OBJC_IMPLEMENTATIONS = YES;
				CLANG_WARN_DIRECT_OBJC_ISA_USAGE = YES_ERROR;
				CLANG_WARN_DOCUMENTATION_COMMENTS = YES;
				CLANG_WARN_EMPTY_BODY = YES;
				CLANG_WARN_ENUM_CONVERSION = YES;
				CLANG_WARN_INFINITE_RECURSION = YES;
				CLANG_WARN_INT_CONVERSION = YES;
				CLANG_WARN_NON_LITERAL_NULL_CONVERSION = YES;
				CLANG_WARN_OBJC_IMPLICIT_RETAIN_SELF = YES;
				CLANG_WARN_OBJC_LITERAL_CONVERSION = YES;
				CLANG_WARN_OBJC_ROOT_CLASS = YES_ERROR;
				CLANG_WARN_QUOTED_INCLUDE_IN_FRAMEWORK_HEADER = YES;
				CLANG_WARN_RANGE_LOOP_ANALYSIS = YES;
				CLANG_WARN_STRICT_PROTOTYPES = YES;
				CLANG_WARN_SUSPICIOUS_MOVE = YES;
				CLANG_WARN_UNGUARDED_AVAILABILITY = YES_AGGRESSIVE;
				CLANG_WARN_UNREACHABLE_CODE = YES;
				CLANG_WARN__DUPLICATE_METHOD_MATCH = YES;
				COPY_PHASE_STRIP = NO;
				DEBUG_INFORMATION_FORMAT = "dwarf-with-dsym";
				ENABLE_NS_ASSERTIONS = NO;
				ENABLE_STRICT_OBJC_MSGSEND = YES;
				GCC_C_LANGUAGE_STANDARD = gnu11;
				GCC_NO_COMMON_BLOCKS = YES;
				GCC_WARN_64_TO_32_BIT_CONVERSION = YES;
				GCC_WARN_ABOUT_RETURN_TYPE = YES_ERROR;
				GCC_WARN_UNDECLARED_SELECTOR = YES;
				GCC_WARN_UNINITIALIZED_AUTOS = YES_AGGRESSIVE;
				GCC_WARN_UNUSED_FUNCTION = YES;
				GCC_WARN_UNUSED_VARIABLE = YES;
				IPHONEOS_DEPLOYMENT_TARGET = 16.2;
				MTL_ENABLE_DEBUG_INFO = NO;
				MTL_FAST_MATH = YES;
				SDKROOT = iphoneos;
				SWIFT_COMPILATION_MODE = wholemodule;
				SWIFT_OPTIMIZATION_LEVEL = "-O";
				VALIDATE_PRODUCT = YES;
			};
			name = Release;
		};
		224CA4BA2984053D005B8299 /* Debug */ = {
			isa = XCBuildConfiguration;
			baseConfigurationReference = 11662673AFC30487FA6B8809 /* Pods-ft_hangouts.debug.xcconfig */;
			buildSettings = {
				ASSETCATALOG_COMPILER_APPICON_NAME = AppIcon;
				ASSETCATALOG_COMPILER_GLOBAL_ACCENT_COLOR_NAME = AccentColor;
				CODE_SIGN_STYLE = Automatic;
				CURRENT_PROJECT_VERSION = 1;
				GENERATE_INFOPLIST_FILE = YES;
				INFOPLIST_FILE = ft_hangouts/Info.plist;
				INFOPLIST_KEY_UIApplicationSupportsIndirectInputEvents = YES;
				INFOPLIST_KEY_UILaunchStoryboardName = LaunchScreen;
				INFOPLIST_KEY_UIMainStoryboardFile = Main;
				INFOPLIST_KEY_UISupportedInterfaceOrientations_iPad = "UIInterfaceOrientationPortrait UIInterfaceOrientationPortraitUpsideDown UIInterfaceOrientationLandscapeLeft UIInterfaceOrientationLandscapeRight";
				INFOPLIST_KEY_UISupportedInterfaceOrientations_iPhone = "UIInterfaceOrientationPortrait UIInterfaceOrientationLandscapeLeft UIInterfaceOrientationLandscapeRight";
				LD_RUNPATH_SEARCH_PATHS = (
					"$(inherited)",
					"@executable_path/Frameworks",
				);
				MARKETING_VERSION = 1.0;
				PRODUCT_BUNDLE_IDENTIFIER = "https---profile.intra.42.fr-.ft-hangouts";
				PRODUCT_NAME = "$(TARGET_NAME)";
				SWIFT_EMIT_LOC_STRINGS = YES;
				SWIFT_VERSION = 5.0;
				TARGETED_DEVICE_FAMILY = "1,2";
			};
			name = Debug;
		};
		224CA4BB2984053D005B8299 /* Release */ = {
			isa = XCBuildConfiguration;
			baseConfigurationReference = 6D67B67FF0BB10B97150AA21 /* Pods-ft_hangouts.release.xcconfig */;
			buildSettings = {
				ASSETCATALOG_COMPILER_APPICON_NAME = AppIcon;
				ASSETCATALOG_COMPILER_GLOBAL_ACCENT_COLOR_NAME = AccentColor;
				CODE_SIGN_STYLE = Automatic;
				CURRENT_PROJECT_VERSION = 1;
				GENERATE_INFOPLIST_FILE = YES;
				INFOPLIST_FILE = ft_hangouts/Info.plist;
				INFOPLIST_KEY_UIApplicationSupportsIndirectInputEvents = YES;
				INFOPLIST_KEY_UILaunchStoryboardName = LaunchScreen;
				INFOPLIST_KEY_UIMainStoryboardFile = Main;
				INFOPLIST_KEY_UISupportedInterfaceOrientations_iPad = "UIInterfaceOrientationPortrait UIInterfaceOrientationPortraitUpsideDown UIInterfaceOrientationLandscapeLeft UIInterfaceOrientationLandscapeRight";
				INFOPLIST_KEY_UISupportedInterfaceOrientations_iPhone = "UIInterfaceOrientationPortrait UIInterfaceOrientationLandscapeLeft UIInterfaceOrientationLandscapeRight";
				LD_RUNPATH_SEARCH_PATHS = (
					"$(inherited)",
					"@executable_path/Frameworks",
				);
				MARKETING_VERSION = 1.0;
				PRODUCT_BUNDLE_IDENTIFIER = "https---profile.intra.42.fr-.ft-hangouts";
				PRODUCT_NAME = "$(TARGET_NAME)";
				SWIFT_EMIT_LOC_STRINGS = YES;
				SWIFT_VERSION = 5.0;
				TARGETED_DEVICE_FAMILY = "1,2";
			};
			name = Release;
		};
/* End XCBuildConfiguration section */

/* Begin XCConfigurationList section */
		224CA4A02984053B005B8299 /* Build configuration list for PBXProject "ft_hangouts" */ = {
			isa = XCConfigurationList;
			buildConfigurations = (
				224CA4B72984053D005B8299 /* Debug */,
				224CA4B82984053D005B8299 /* Release */,
			);
			defaultConfigurationIsVisible = 0;
			defaultConfigurationName = Release;
		};
		224CA4B92984053D005B8299 /* Build configuration list for PBXNativeTarget "ft_hangouts" */ = {
			isa = XCConfigurationList;
			buildConfigurations = (
				224CA4BA2984053D005B8299 /* Debug */,
				224CA4BB2984053D005B8299 /* Release */,
			);
			defaultConfigurationIsVisible = 0;
			defaultConfigurationName = Release;
		};
/* End XCConfigurationList section */
	};
	rootObject = 224CA49D2984053B005B8299 /* Project object */;
}
